<?xml version="1.0" encoding="utf-8"?>
<Project ToolsVersion="4.0" xmlns="http://schemas.microsoft.com/developer/msbuild/2003">
  <ItemGroup>
    <Filter Include="Source Files">
      <UniqueIdentifier>{4FC737F1-C7A5-4376-A066-2A32D752A2FF}</UniqueIdentifier>
      <Extensions>cpp;c;cc;cxx;def;odl;idl;hpj;bat;asm;asmx</Extensions>
    </Filter>
    <Filter Include="Header Files">
      <UniqueIdentifier>{93995380-89BD-4b04-88EB-625FBE52EBFB}</UniqueIdentifier>
      <Extensions>h;hh;hpp;hxx;hm;inl;inc;xsd</Extensions>
    </Filter>
    <Filter Include="Resource Files">
      <UniqueIdentifier>{67DA6AB6-F800-4c08-8B7A-83BB121AAD01}</UniqueIdentifier>
      <Extensions>rc;ico;cur;bmp;dlg;rc2;rct;bin;rgs;gif;jpg;jpeg;jpe;resx;tiff;tif;png;wav;mfcribbon-ms</Extensions>
    </Filter>
    <Filter Include="Header Files\Interface">
      <UniqueIdentifier>{d8b5ade8-6c05-469f-b772-10dd4960daae}</UniqueIdentifier>
    </Filter>
    <Filter Include="Source Files\Interface">
      <UniqueIdentifier>{4f05bc27-c721-472f-bc8b-58c70088465d}</UniqueIdentifier>
    </Filter>
    <Filter Include="Header Files\CoClass">
      <UniqueIdentifier>{4ef1c09f-08d9-432d-a663-193fbaa32c29}</UniqueIdentifier>
    </Filter>
    <Filter Include="Source Files\CoClass">
      <UniqueIdentifier>{b54293d1-54b0-466d-bb59-66af96be6368}</UniqueIdentifier>
    </Filter>
  </ItemGroup>
  <ItemGroup>
    <Text Include="ReadMe.txt" />
  </ItemGroup>
  <ItemGroup>
    <ClInclude Include="stdafx.h">
      <Filter>Header Files</Filter>
    </ClInclude>
    <ClInclude Include="targetver.h">
      <Filter>Header Files</Filter>
    </ClInclude>
    <ClInclude Include="BareboneComDll.h">
      <Filter>Header Files</Filter>
    </ClInclude>
    <ClInclude Include="..\Interface\Iid.h">
      <Filter>Header Files\Interface</Filter>
    </ClInclude>
    <ClInclude Include="..\Interface\Interface.h">
      <Filter>Header Files\Interface</Filter>
    </ClInclude>
    <ClInclude Include="Component.h">
      <Filter>Header Files\CoClass</Filter>
    </ClInclude>
    <ClInclude Include="ComponentClassFactory.h">
      <Filter>Header Files\CoClass</Filter>
    </ClInclude>
  </ItemGroup>
  <ItemGroup>
    <ClCompile Include="stdafx.cpp">
      <Filter>Source Files</Filter>
    </ClCompile>
    <ClCompile Include="BareboneComDll.cpp">
      <Filter>Source Files</Filter>
    </ClCompile>
    <ClCompile Include="dllmain.cpp">
      <Filter>Source Files</Filter>
    </ClCompile>
    <ClCompile Include="Iid.cpp">
      <Filter>Source Files\Interface</Filter>
    </ClCompile>
    <ClCompile Include="Component.cpp">
      <Filter>Source Files\CoClass</Filter>
    </ClCompile>
    <ClCompile Include="ComponentClassFactory.cpp">
      <Filter>Source Files\CoClass</Filter>
    </ClCompile>
  </ItemGroup>
  <ItemGroup>
    <None Include="BareboneComDll.def">
      <Filter>Source Files</Filter>
    </None>
    <None Include="BareboneComDll.reg">
      <Filter>Resource Files</Filter>
    </None>
  </ItemGroup>
</Project>